
Microsoft Visual Studio Solution File, Format Version 12.00
# Visual Studio Version 17
VisualStudioVersion = 17.1.32228.430
MinimumVisualStudioVersion = 10.0.40219.1
Project("{9A19103F-16F7-4668-BE54-9A1E7A4F7556}") = "Reminder.BE", "Reminder.BE\Reminder.BE.csproj", "{3B8CFA3F-DC92-4C44-A348-85EFC3D139A3}"
EndProject
Project("{9A19103F-16F7-4668-BE54-9A1E7A4F7556}") = "Reminder.DB", "Reminder.DB\Reminder.DB.csproj", "{0DF2EAC7-A11F-496B-BBD6-34981D55123B}"
EndProject
Project("{FAE04EC0-301F-11D3-BF4B-00C04F79EFBC}") = "Reminder.FE", "Reminder.FE\Reminder.FE.csproj", "{7AB8B10A-AAC8-43CB-825A-C4FFE8D8F8BA}"
EndProject
Global
	GlobalSection(SolutionConfigurationPlatforms) = preSolution
		Debug|Any CPU = Debug|Any CPU
		Release|Any CPU = Release|Any CPU
	EndGlobalSection
	GlobalSection(ProjectConfigurationPlatforms) = postSolution
		{3B8CFA3F-DC92-4C44-A348-85EFC3D139A3}.Debug|Any CPU.ActiveCfg = Debug|Any CPU
		{3B8CFA3F-DC92-4C44-A348-85EFC3D139A3}.Debug|Any CPU.Build.0 = Debug|Any CPU
		{3B8CFA3F-DC92-4C44-A348-85EFC3D139A3}.Release|Any CPU.ActiveCfg = Release|Any CPU
		{3B8CFA3F-DC92-4C44-A348-85EFC3D139A3}.Release|Any CPU.Build.0 = Release|Any CPU
		{0DF2EAC7-A11F-496B-BBD6-34981D55123B}.Debug|Any CPU.ActiveCfg = Debug|Any CPU
		{0DF2EAC7-A11F-496B-BBD6-34981D55123B}.Debug|Any CPU.Build.0 = Debug|Any CPU
		{0DF2EAC7-A11F-496B-BBD6-34981D55123B}.Release|Any CPU.ActiveCfg = Release|Any CPU
		{0DF2EAC7-A11F-496B-BBD6-34981D55123B}.Release|Any CPU.Build.0 = Release|Any CPU
		{7AB8B10A-AAC8-43CB-825A-C4FFE8D8F8BA}.Debug|Any CPU.ActiveCfg = Debug|Any CPU
		{7AB8B10A-AAC8-43CB-825A-C4FFE8D8F8BA}.Debug|Any CPU.Build.0 = Debug|Any CPU
		{7AB8B10A-AAC8-43CB-825A-C4FFE8D8F8BA}.Release|Any CPU.ActiveCfg = Release|Any CPU
		{7AB8B10A-AAC8-43CB-825A-C4FFE8D8F8BA}.Release|Any CPU.Build.0 = Release|Any CPU
	EndGlobalSection
	GlobalSection(SolutionProperties) = preSolution
		HideSolutionNode = FALSE
	EndGlobalSection
	GlobalSection(ExtensibilityGlobals) = postSolution
		SolutionGuid = {6EEEE089-2726-43A6-9827-5A05EEC6AED6}
	EndGlobalSection
EndGlobal
